
Microsoft Visual Studio Solution File, Format Version 12.00
# Visual Studio 15
VisualStudioVersion = 15.0.27428.2015
MinimumVisualStudioVersion = 10.0.40219.1
Project("{FAE04EC0-301F-11D3-BF4B-00C04F79EFBC}") = "ServerFramework", "ServerFramework\ServerFramework.csproj", "{4D9F45FF-C252-4903-AE6C-57C547FBEA26}"
EndProject
Project("{FAE04EC0-301F-11D3-BF4B-00C04F79EFBC}") = "AsyncServer", "AsyncServer\AsyncServer.csproj", "{338ADA1E-7278-4CDE-8B68-C85C679C1921}"
EndProject
Project("{FAE04EC0-301F-11D3-BF4B-00C04F79EFBC}") = "AsyncClient", "AsyncClient\AsyncClient.csproj", "{F19FEDFC-6CFD-4605-9FEB-7458C12F7523}"
EndProject
Global
	GlobalSection(SolutionConfigurationPlatforms) = preSolution
		Debug|Any CPU = Debug|Any CPU
		Release|Any CPU = Release|Any CPU
	EndGlobalSection
	GlobalSection(ProjectConfigurationPlatforms) = postSolution
		{4D9F45FF-C252-4903-AE6C-57C547FBEA26}.Debug|Any CPU.ActiveCfg = Debug|Any CPU
		{4D9F45FF-C252-4903-AE6C-57C547FBEA26}.Debug|Any CPU.Build.0 = Debug|Any CPU
		{4D9F45FF-C252-4903-AE6C-57C547FBEA26}.Release|Any CPU.ActiveCfg = Release|Any CPU
		{4D9F45FF-C252-4903-AE6C-57C547FBEA26}.Release|Any CPU.Build.0 = Release|Any CPU
		{338ADA1E-7278-4CDE-8B68-C85C679C1921}.Debug|Any CPU.ActiveCfg = Debug|Any CPU
		{338ADA1E-7278-4CDE-8B68-C85C679C1921}.Debug|Any CPU.Build.0 = Debug|Any CPU
		{338ADA1E-7278-4CDE-8B68-C85C679C1921}.Release|Any CPU.ActiveCfg = Release|Any CPU
		{338ADA1E-7278-4CDE-8B68-C85C679C1921}.Release|Any CPU.Build.0 = Release|Any CPU
		{F19FEDFC-6CFD-4605-9FEB-7458C12F7523}.Debug|Any CPU.ActiveCfg = Debug|Any CPU
		{F19FEDFC-6CFD-4605-9FEB-7458C12F7523}.Debug|Any CPU.Build.0 = Debug|Any CPU
		{F19FEDFC-6CFD-4605-9FEB-7458C12F7523}.Release|Any CPU.ActiveCfg = Release|Any CPU
		{F19FEDFC-6CFD-4605-9FEB-7458C12F7523}.Release|Any CPU.Build.0 = Release|Any CPU
	EndGlobalSection
	GlobalSection(SolutionProperties) = preSolution
		HideSolutionNode = FALSE
	EndGlobalSection
	GlobalSection(ExtensibilityGlobals) = postSolution
		SolutionGuid = {6C51C848-F9E7-4CC4-BAD5-B403DBB179B0}
	EndGlobalSection
EndGlobal
